<?xml version="1.0" encoding="utf-8"?>
<Project ToolsVersion="4.0" xmlns="http://schemas.microsoft.com/developer/msbuild/2003">
  <ItemGroup>
    <Filter Include="Source Files">
      <UniqueIdentifier>{4FC737F1-C7A5-4376-A066-2A32D752A2FF}</UniqueIdentifier>
      <Extensions>cpp;c;cxx;def;odl;idl;hpj;bat;asm;asmx</Extensions>
    </Filter>
    <Filter Include="Header Files">
      <UniqueIdentifier>{93995380-89BD-4b04-88EB-625FBE52EBFB}</UniqueIdentifier>
      <Extensions>h;hpp;hxx;hm;inl;inc;xsd</Extensions>
    </Filter>
    <Filter Include="Generated Files">
      <UniqueIdentifier>{71ED8ED8-ACB9-4CE9-BBE1-E00B30144E11}</UniqueIdentifier>
      <Extensions>cpp;c;cxx;moc;h;def;odl;idl;res;</Extensions>
    </Filter>
    <Filter Include="Generated Files\Debug_Win32">
      <UniqueIdentifier>{b77f3b1d-ced5-4904-ad3a-68d35860bd9d}</UniqueIdentifier>
      <Extensions>cpp;moc</Extensions>
      <SourceControlFiles>False</SourceControlFiles>
    </Filter>
    <Filter Include="Generated Files\Debug_x64">
      <UniqueIdentifier>{f1ce071a-6f03-4e0e-8f3b-958cf4433439}</UniqueIdentifier>
      <Extensions>cpp;moc</Extensions>
      <SourceControlFiles>False</SourceControlFiles>
    </Filter>
    <Filter Include="Generated Files\Release_Win32">
      <UniqueIdentifier>{6e18ee23-2610-435d-91d8-16e21d4fc84b}</UniqueIdentifier>
      <Extensions>cpp;moc</Extensions>
      <SourceControlFiles>False</SourceControlFiles>
    </Filter>
    <Filter Include="Generated Files\Release_x64">
      <UniqueIdentifier>{568febdd-f428-47f8-af4b-23c691f2a27a}</UniqueIdentifier>
      <Extensions>cpp;moc</Extensions>
      <SourceControlFiles>False</SourceControlFiles>
    </Filter>
    <Filter Include="Form Files">
      <UniqueIdentifier>{99349809-55BA-4b9d-BF79-8FDBB0286EB3}</UniqueIdentifier>
      <Extensions>ui</Extensions>
      <ParseFiles>false</ParseFiles>
    </Filter>
    <Filter Include="Resource Files">
      <UniqueIdentifier>{D9D6E242-F8AF-46E4-B9FD-80ECBC20BA3E}</UniqueIdentifier>
      <Extensions>qrc;*</Extensions>
      <ParseFiles>false</ParseFiles>
    </Filter>
    <Filter Include="Generated Files\Template_Win32">
      <UniqueIdentifier>{33be8647-4a7f-4c82-aa38-4b6cc3bf672e}</UniqueIdentifier>
      <Extensions>cpp;moc</Extensions>
      <SourceControlFiles>False</SourceControlFiles>
    </Filter>
    <Filter Include="Generated Files\Template_x64">
      <UniqueIdentifier>{42f0802e-afd7-44de-b605-32a236edc9a3}</UniqueIdentifier>
      <Extensions>cpp;moc</Extensions>
      <SourceControlFiles>False</SourceControlFiles>
    </Filter>
  </ItemGroup>
  <ItemGroup>
    <ClCompile Include="experimentlogger.cpp">
      <Filter>Source Files</Filter>
    </ClCompile>
    <ClCompile Include="ExperimentManager.cpp">
      <Filter>Source Files</Filter>
    </ClCompile>
    <ClCompile Include="ExperimentManager_dialog.cpp">
      <Filter>Source Files</Filter>
    </ClCompile>
    <ClCompile Include="ExperimentManagerplugin.cpp">
      <Filter>Source Files</Filter>
    </ClCompile>
    <ClCompile Include="ExperimentTimer.cpp">
      <Filter>Source Files</Filter>
    </ClCompile>
    <ClCompile Include="ExperimentTree.cpp">
      <Filter>Source Files</Filter>
    </ClCompile>
    <ClCompile Include="GLWidgetWrapper.cpp">
      <Filter>Source Files</Filter>
    </ClCompile>
    <ClCompile Include="ImageProcessor.cpp">
      <Filter>Source Files</Filter>
    </ClCompile>
    <ClCompile Include="metaextensions.cpp">
      <Filter>Source Files</Filter>
    </ClCompile>
    <ClCompile Include="RandomGenerator.cpp">
      <Filter>Source Files</Filter>
    </ClCompile>
    <ClCompile Include="retinomap_glwidget.cpp">
      <Filter>Source Files</Filter>
    </ClCompile>
    <ClCompile Include="StdAfx.cpp">
      <Filter>Source Files</Filter>
    </ClCompile>
    <ClCompile Include="..\..\..\Build_MSVC\Qt\Win32\Debug\Moc\moc_retinomap_glwidget.cpp">
      <Filter>Generated Files\Debug_Win32</Filter>
    </ClCompile>
    <ClCompile Include="..\..\..\Build_MSVC\Qt\x64\Debug\Moc\moc_retinomap_glwidget.cpp">
      <Filter>Generated Files\Debug_x64</Filter>
    </ClCompile>
    <ClCompile Include="..\..\..\Build_MSVC\Qt\Win32\Release\Moc\moc_retinomap_glwidget.cpp">
      <Filter>Generated Files\Release_Win32</Filter>
    </ClCompile>
    <ClCompile Include="..\..\..\Build_MSVC\Qt\x64\Release\Moc\moc_retinomap_glwidget.cpp">
      <Filter>Generated Files\Release_x64</Filter>
    </ClCompile>
    <ClCompile Include="..\..\..\Build_MSVC\Qt\Win32\Template\Moc\moc_retinomap_glwidget.cpp">
      <Filter>Generated Files\Template_Win32</Filter>
    </ClCompile>
    <ClCompile Include="..\..\..\Build_MSVC\Qt\x64\Template\Moc\moc_retinomap_glwidget.cpp">
      <Filter>Generated Files\Template_x64</Filter>
    </ClCompile>
    <ClCompile Include="..\..\..\Build_MSVC\Qt\Win32\Debug\Moc\moc_RandomGenerator.cpp">
      <Filter>Generated Files\Debug_Win32</Filter>
    </ClCompile>
    <ClCompile Include="..\..\..\Build_MSVC\Qt\x64\Debug\Moc\moc_RandomGenerator.cpp">
      <Filter>Generated Files\Debug_x64</Filter>
    </ClCompile>
    <ClCompile Include="..\..\..\Build_MSVC\Qt\Win32\Release\Moc\moc_RandomGenerator.cpp">
      <Filter>Generated Files\Release_Win32</Filter>
    </ClCompile>
    <ClCompile Include="..\..\..\Build_MSVC\Qt\x64\Release\Moc\moc_RandomGenerator.cpp">
      <Filter>Generated Files\Release_x64</Filter>
    </ClCompile>
    <ClCompile Include="..\..\..\Build_MSVC\Qt\Win32\Template\Moc\moc_RandomGenerator.cpp">
      <Filter>Generated Files\Template_Win32</Filter>
    </ClCompile>
    <ClCompile Include="..\..\..\Build_MSVC\Qt\x64\Template\Moc\moc_RandomGenerator.cpp">
      <Filter>Generated Files\Template_x64</Filter>
    </ClCompile>
    <ClCompile Include="..\..\..\Build_MSVC\Qt\Win32\Debug\Moc\moc_metaextensions.cpp">
      <Filter>Generated Files\Debug_Win32</Filter>
    </ClCompile>
    <ClCompile Include="..\..\..\Build_MSVC\Qt\x64\Debug\Moc\moc_metaextensions.cpp">
      <Filter>Generated Files\Debug_x64</Filter>
    </ClCompile>
    <ClCompile Include="..\..\..\Build_MSVC\Qt\Win32\Release\Moc\moc_metaextensions.cpp">
      <Filter>Generated Files\Release_Win32</Filter>
    </ClCompile>
    <ClCompile Include="..\..\..\Build_MSVC\Qt\x64\Release\Moc\moc_metaextensions.cpp">
      <Filter>Generated Files\Release_x64</Filter>
    </ClCompile>
    <ClCompile Include="..\..\..\Build_MSVC\Qt\Win32\Template\Moc\moc_metaextensions.cpp">
      <Filter>Generated Files\Template_Win32</Filter>
    </ClCompile>
    <ClCompile Include="..\..\..\Build_MSVC\Qt\x64\Template\Moc\moc_metaextensions.cpp">
      <Filter>Generated Files\Template_x64</Filter>
    </ClCompile>
    <ClCompile Include="..\..\..\Build_MSVC\Qt\Win32\Debug\Moc\moc_ImageProcessor.cpp">
      <Filter>Generated Files\Debug_Win32</Filter>
    </ClCompile>
    <ClCompile Include="..\..\..\Build_MSVC\Qt\x64\Debug\Moc\moc_ImageProcessor.cpp">
      <Filter>Generated Files\Debug_x64</Filter>
    </ClCompile>
    <ClCompile Include="..\..\..\Build_MSVC\Qt\Win32\Release\Moc\moc_ImageProcessor.cpp">
      <Filter>Generated Files\Release_Win32</Filter>
    </ClCompile>
    <ClCompile Include="..\..\..\Build_MSVC\Qt\x64\Release\Moc\moc_ImageProcessor.cpp">
      <Filter>Generated Files\Release_x64</Filter>
    </ClCompile>
    <ClCompile Include="..\..\..\Build_MSVC\Qt\Win32\Template\Moc\moc_ImageProcessor.cpp">
      <Filter>Generated Files\Template_Win32</Filter>
    </ClCompile>
    <ClCompile Include="..\..\..\Build_MSVC\Qt\x64\Template\Moc\moc_ImageProcessor.cpp">
      <Filter>Generated Files\Template_x64</Filter>
    </ClCompile>
    <ClCompile Include="..\..\..\Build_MSVC\Qt\Win32\Debug\Moc\moc_GLWidgetWrapper.cpp">
      <Filter>Generated Files\Debug_Win32</Filter>
    </ClCompile>
    <ClCompile Include="..\..\..\Build_MSVC\Qt\x64\Debug\Moc\moc_GLWidgetWrapper.cpp">
      <Filter>Generated Files\Debug_x64</Filter>
    </ClCompile>
    <ClCompile Include="..\..\..\Build_MSVC\Qt\Win32\Release\Moc\moc_GLWidgetWrapper.cpp">
      <Filter>Generated Files\Release_Win32</Filter>
    </ClCompile>
    <ClCompile Include="..\..\..\Build_MSVC\Qt\x64\Release\Moc\moc_GLWidgetWrapper.cpp">
      <Filter>Generated Files\Release_x64</Filter>
    </ClCompile>
    <ClCompile Include="..\..\..\Build_MSVC\Qt\Win32\Template\Moc\moc_GLWidgetWrapper.cpp">
      <Filter>Generated Files\Template_Win32</Filter>
    </ClCompile>
    <ClCompile Include="..\..\..\Build_MSVC\Qt\x64\Template\Moc\moc_GLWidgetWrapper.cpp">
      <Filter>Generated Files\Template_x64</Filter>
    </ClCompile>
    <ClCompile Include="..\..\..\Build_MSVC\Qt\Win32\Debug\Moc\moc_ExperimentTree.cpp">
      <Filter>Generated Files\Debug_Win32</Filter>
    </ClCompile>
    <ClCompile Include="..\..\..\Build_MSVC\Qt\x64\Debug\Moc\moc_ExperimentTree.cpp">
      <Filter>Generated Files\Debug_x64</Filter>
    </ClCompile>
    <ClCompile Include="..\..\..\Build_MSVC\Qt\Win32\Release\Moc\moc_ExperimentTree.cpp">
      <Filter>Generated Files\Release_Win32</Filter>
    </ClCompile>
    <ClCompile Include="..\..\..\Build_MSVC\Qt\x64\Release\Moc\moc_ExperimentTree.cpp">
      <Filter>Generated Files\Release_x64</Filter>
    </ClCompile>
    <ClCompile Include="..\..\..\Build_MSVC\Qt\Win32\Template\Moc\moc_ExperimentTree.cpp">
      <Filter>Generated Files\Template_Win32</Filter>
    </ClCompile>
    <ClCompile Include="..\..\..\Build_MSVC\Qt\x64\Template\Moc\moc_ExperimentTree.cpp">
      <Filter>Generated Files\Template_x64</Filter>
    </ClCompile>
    <ClCompile Include="..\..\..\Build_MSVC\Qt\Win32\Debug\Moc\moc_ExperimentTimer.cpp">
      <Filter>Generated Files\Debug_Win32</Filter>
    </ClCompile>
    <ClCompile Include="..\..\..\Build_MSVC\Qt\x64\Debug\Moc\moc_ExperimentTimer.cpp">
      <Filter>Generated Files\Debug_x64</Filter>
    </ClCompile>
    <ClCompile Include="..\..\..\Build_MSVC\Qt\Win32\Release\Moc\moc_ExperimentTimer.cpp">
      <Filter>Generated Files\Release_Win32</Filter>
    </ClCompile>
    <ClCompile Include="..\..\..\Build_MSVC\Qt\x64\Release\Moc\moc_ExperimentTimer.cpp">
      <Filter>Generated Files\Release_x64</Filter>
    </ClCompile>
    <ClCompile Include="..\..\..\Build_MSVC\Qt\Win32\Template\Moc\moc_ExperimentTimer.cpp">
      <Filter>Generated Files\Template_Win32</Filter>
    </ClCompile>
    <ClCompile Include="..\..\..\Build_MSVC\Qt\x64\Template\Moc\moc_ExperimentTimer.cpp">
      <Filter>Generated Files\Template_x64</Filter>
    </ClCompile>
    <ClCompile Include="..\..\..\Build_MSVC\Qt\Win32\Debug\Moc\moc_ExperimentManagerplugin.cpp">
      <Filter>Generated Files\Debug_Win32</Filter>
    </ClCompile>
    <ClCompile Include="..\..\..\Build_MSVC\Qt\x64\Debug\Moc\moc_ExperimentManagerplugin.cpp">
      <Filter>Generated Files\Debug_x64</Filter>
    </ClCompile>
    <ClCompile Include="..\..\..\Build_MSVC\Qt\Win32\Release\Moc\moc_ExperimentManagerplugin.cpp">
      <Filter>Generated Files\Release_Win32</Filter>
    </ClCompile>
    <ClCompile Include="..\..\..\Build_MSVC\Qt\x64\Release\Moc\moc_ExperimentManagerplugin.cpp">
      <Filter>Generated Files\Release_x64</Filter>
    </ClCompile>
    <ClCompile Include="..\..\..\Build_MSVC\Qt\Win32\Template\Moc\moc_ExperimentManagerplugin.cpp">
      <Filter>Generated Files\Template_Win32</Filter>
    </ClCompile>
    <ClCompile Include="..\..\..\Build_MSVC\Qt\x64\Template\Moc\moc_ExperimentManagerplugin.cpp">
      <Filter>Generated Files\Template_x64</Filter>
    </ClCompile>
    <ClCompile Include="..\..\..\Build_MSVC\Qt\Win32\Debug\Moc\moc_ExperimentManager_dialog.cpp">
      <Filter>Generated Files\Debug_Win32</Filter>
    </ClCompile>
    <ClCompile Include="..\..\..\Build_MSVC\Qt\x64\Debug\Moc\moc_ExperimentManager_dialog.cpp">
      <Filter>Generated Files\Debug_x64</Filter>
    </ClCompile>
    <ClCompile Include="..\..\..\Build_MSVC\Qt\Win32\Release\Moc\moc_ExperimentManager_dialog.cpp">
      <Filter>Generated Files\Release_Win32</Filter>
    </ClCompile>
    <ClCompile Include="..\..\..\Build_MSVC\Qt\x64\Release\Moc\moc_ExperimentManager_dialog.cpp">
      <Filter>Generated Files\Release_x64</Filter>
    </ClCompile>
    <ClCompile Include="..\..\..\Build_MSVC\Qt\Win32\Template\Moc\moc_ExperimentManager_dialog.cpp">
      <Filter>Generated Files\Template_Win32</Filter>
    </ClCompile>
    <ClCompile Include="..\..\..\Build_MSVC\Qt\x64\Template\Moc\moc_ExperimentManager_dialog.cpp">
      <Filter>Generated Files\Template_x64</Filter>
    </ClCompile>
    <ClCompile Include="..\..\..\Build_MSVC\Qt\Win32\Debug\Moc\moc_ExperimentManager.cpp">
      <Filter>Generated Files\Debug_Win32</Filter>
    </ClCompile>
    <ClCompile Include="..\..\..\Build_MSVC\Qt\x64\Debug\Moc\moc_ExperimentManager.cpp">
      <Filter>Generated Files\Debug_x64</Filter>
    </ClCompile>
    <ClCompile Include="..\..\..\Build_MSVC\Qt\Win32\Release\Moc\moc_ExperimentManager.cpp">
      <Filter>Generated Files\Release_Win32</Filter>
    </ClCompile>
    <ClCompile Include="..\..\..\Build_MSVC\Qt\x64\Release\Moc\moc_ExperimentManager.cpp">
      <Filter>Generated Files\Release_x64</Filter>
    </ClCompile>
    <ClCompile Include="..\..\..\Build_MSVC\Qt\Win32\Template\Moc\moc_ExperimentManager.cpp">
      <Filter>Generated Files\Template_Win32</Filter>
    </ClCompile>
    <ClCompile Include="..\..\..\Build_MSVC\Qt\x64\Template\Moc\moc_ExperimentManager.cpp">
      <Filter>Generated Files\Template_x64</Filter>
    </ClCompile>
    <ClCompile Include="..\..\..\Build_MSVC\Qt\Win32\Debug\Moc\moc_experimentlogger.cpp">
      <Filter>Generated Files\Debug_Win32</Filter>
    </ClCompile>
    <ClCompile Include="..\..\..\Build_MSVC\Qt\x64\Debug\Moc\moc_experimentlogger.cpp">
      <Filter>Generated Files\Debug_x64</Filter>
    </ClCompile>
    <ClCompile Include="..\..\..\Build_MSVC\Qt\Win32\Release\Moc\moc_experimentlogger.cpp">
      <Filter>Generated Files\Release_Win32</Filter>
    </ClCompile>
    <ClCompile Include="..\..\..\Build_MSVC\Qt\x64\Release\Moc\moc_experimentlogger.cpp">
      <Filter>Generated Files\Release_x64</Filter>
    </ClCompile>
    <ClCompile Include="..\..\..\Build_MSVC\Qt\Win32\Template\Moc\moc_experimentlogger.cpp">
      <Filter>Generated Files\Template_Win32</Filter>
    </ClCompile>
    <ClCompile Include="..\..\..\Build_MSVC\Qt\x64\Template\Moc\moc_experimentlogger.cpp">
      <Filter>Generated Files\Template_x64</Filter>
    </ClCompile>
    <ClCompile Include="prtformatmanager.cpp">
      <Filter>Source Files</Filter>
    </ClCompile>
    <ClCompile Include="..\..\..\Build_MSVC\Qt\Win32\Debug\Moc\moc_prtformatmanager.cpp">
      <Filter>Generated Files\Debug_Win32</Filter>
    </ClCompile>
    <ClCompile Include="..\..\..\Build_MSVC\Qt\x64\Debug\Moc\moc_prtformatmanager.cpp">
      <Filter>Generated Files\Debug_x64</Filter>
    </ClCompile>
    <ClCompile Include="..\..\..\Build_MSVC\Qt\Win32\Release\Moc\moc_prtformatmanager.cpp">
      <Filter>Generated Files\Release_Win32</Filter>
    </ClCompile>
    <ClCompile Include="..\..\..\Build_MSVC\Qt\x64\Release\Moc\moc_prtformatmanager.cpp">
      <Filter>Generated Files\Release_x64</Filter>
    </ClCompile>
    <ClCompile Include="..\..\..\Build_MSVC\Qt\Win32\Template\Moc\moc_prtformatmanager.cpp">
      <Filter>Generated Files\Template_Win32</Filter>
    </ClCompile>
    <ClCompile Include="..\..\..\Build_MSVC\Qt\x64\Template\Moc\moc_prtformatmanager.cpp">
      <Filter>Generated Files\Template_x64</Filter>
    </ClCompile>
    <ClCompile Include="ContainerDlg.cpp">
      <Filter>Source Files</Filter>
    </ClCompile>
    <ClCompile Include="..\..\..\Build_MSVC\Qt\Win32\Debug\Moc\moc_ContainerDlg.cpp">
      <Filter>Generated Files\Debug_Win32</Filter>
    </ClCompile>
    <ClCompile Include="..\..\..\Build_MSVC\Qt\x64\Debug\Moc\moc_ContainerDlg.cpp">
      <Filter>Generated Files\Debug_x64</Filter>
    </ClCompile>
    <ClCompile Include="..\..\..\Build_MSVC\Qt\Win32\Release\Moc\moc_ContainerDlg.cpp">
      <Filter>Generated Files\Release_Win32</Filter>
    </ClCompile>
    <ClCompile Include="..\..\..\Build_MSVC\Qt\x64\Release\Moc\moc_ContainerDlg.cpp">
      <Filter>Generated Files\Release_x64</Filter>
    </ClCompile>
    <ClCompile Include="..\..\..\Build_MSVC\Qt\Win32\Template\Moc\moc_ContainerDlg.cpp">
      <Filter>Generated Files\Template_Win32</Filter>
    </ClCompile>
    <ClCompile Include="..\..\..\Build_MSVC\Qt\x64\Template\Moc\moc_ContainerDlg.cpp">
      <Filter>Generated Files\Template_x64</Filter>
    </ClCompile>
    <ClCompile Include="qmlWidget.cpp">
      <Filter>Source Files</Filter>
    </ClCompile>
    <ClCompile Include="..\..\..\Build_MSVC\Qt\Win32\Debug\Moc\moc_qmlWidget.cpp">
      <Filter>Generated Files\Debug_Win32</Filter>
    </ClCompile>
    <ClCompile Include="..\..\..\Build_MSVC\Qt\x64\Debug\Moc\moc_qmlWidget.cpp">
      <Filter>Generated Files\Debug_x64</Filter>
    </ClCompile>
    <ClCompile Include="..\..\..\Build_MSVC\Qt\Win32\Release\Moc\moc_qmlWidget.cpp">
      <Filter>Generated Files\Release_Win32</Filter>
    </ClCompile>
    <ClCompile Include="..\..\..\Build_MSVC\Qt\x64\Release\Moc\moc_qmlWidget.cpp">
      <Filter>Generated Files\Release_x64</Filter>
    </ClCompile>
    <ClCompile Include="..\..\..\Build_MSVC\Qt\Win32\Template\Moc\moc_qmlWidget.cpp">
      <Filter>Generated Files\Template_Win32</Filter>
    </ClCompile>
    <ClCompile Include="..\..\..\Build_MSVC\Qt\x64\Template\Moc\moc_qmlWidget.cpp">
      <Filter>Generated Files\Template_x64</Filter>
    </ClCompile>
  </ItemGroup>
  <ItemGroup>
    <ClInclude Include="Global.h">
      <Filter>Header Files</Filter>
    </ClInclude>
    <ClInclude Include="StdAfx.h">
      <Filter>Header Files</Filter>
    </ClInclude>
    <ClInclude Include="..\..\..\Build_MSVC\Qt\$(PlatformName)\$(ConfigurationName)\GeneratedFiles\ui_ExperimentManager_dialog.h">
      <Filter>Generated Files</Filter>
    </ClInclude>
    <ClInclude Include="resource.h">
      <Filter>Header Files</Filter>
    </ClInclude>
    <ClInclude Include="defines.h">
      <Filter>Header Files</Filter>
    </ClInclude>
    <ClInclude Include="..\..\StimulGL\plugininterface.h">
      <Filter>Header Files</Filter>
    </ClInclude>
  </ItemGroup>
  <ItemGroup>
    <CustomBuild Include="experimentlogger.h">
      <Filter>Header Files</Filter>
    </CustomBuild>
    <CustomBuild Include="ExperimentManager.h">
      <Filter>Header Files</Filter>
    </CustomBuild>
    <CustomBuild Include="ExperimentManager_dialog.h">
      <Filter>Header Files</Filter>
    </CustomBuild>
    <CustomBuild Include="ExperimentManagerplugin.h">
      <Filter>Header Files</Filter>
    </CustomBuild>
    <CustomBuild Include="ExperimentTimer.h">
      <Filter>Header Files</Filter>
    </CustomBuild>
    <CustomBuild Include="ExperimentTree.h">
      <Filter>Header Files</Filter>
    </CustomBuild>
    <CustomBuild Include="GLWidgetWrapper.h">
      <Filter>Header Files</Filter>
    </CustomBuild>
    <CustomBuild Include="ImageProcessor.h">
      <Filter>Header Files</Filter>
    </CustomBuild>
    <CustomBuild Include="metaextensions.h">
      <Filter>Header Files</Filter>
    </CustomBuild>
    <CustomBuild Include="RandomGenerator.h">
      <Filter>Header Files</Filter>
    </CustomBuild>
    <CustomBuild Include="retinomap_glwidget.h">
      <Filter>Header Files</Filter>
    </CustomBuild>
    <CustomBuild Include="ExperimentManager_dialog.ui">
      <Filter>Form Files</Filter>
    </CustomBuild>
    <CustomBuild Include="prtformatmanager.h">
      <Filter>Header Files</Filter>
    </CustomBuild>
    <CustomBuild Include="ContainerDlg.h">
      <Filter>Header Files</Filter>
    </CustomBuild>
    <CustomBuild Include="qmlWidget.h">
      <Filter>Header Files</Filter>
    </CustomBuild>
  </ItemGroup>
  <ItemGroup>
    <ResourceCompile Include="ExperimentManagerplugin.rc" />
  </ItemGroup>
  <ItemGroup>
    <None Include="licenseHeader.licenseheader" />
    <None Include="ClassDiagram1.cd" />
  </ItemGroup>
</Project>