<?xml version="1.0" encoding="utf-8"?>
<Project ToolsVersion="4.0" xmlns="http://schemas.microsoft.com/developer/msbuild/2003">
  <ItemGroup>
    <Filter Include="Source Files">
      <UniqueIdentifier>{4FC737F1-C7A5-4376-A066-2A32D752A2FF}</UniqueIdentifier>
      <Extensions>cpp;c;cxx;def;odl;idl;hpj;bat;asm;asmx</Extensions>
    </Filter>
    <Filter Include="Header Files">
      <UniqueIdentifier>{93995380-89BD-4b04-88EB-625FBE52EBFB}</UniqueIdentifier>
      <Extensions>h;hpp;hxx;hm;inl;inc;xsd</Extensions>
    </Filter>
    <Filter Include="Generated Files">
      <UniqueIdentifier>{71ED8ED8-ACB9-4CE9-BBE1-E00B30144E11}</UniqueIdentifier>
      <Extensions>cpp;c;cxx;moc;h;def;odl;idl;res;</Extensions>
    </Filter>
    <Filter Include="Generated Files\Debug_Win32">
      <UniqueIdentifier>{4dae010d-d342-487b-b514-98d2b1e6266b}</UniqueIdentifier>
      <Extensions>cpp;moc</Extensions>
      <SourceControlFiles>False</SourceControlFiles>
    </Filter>
    <Filter Include="Generated Files\Debug_x64">
      <UniqueIdentifier>{5e1b6e18-1e92-47ed-99a0-b40b52099694}</UniqueIdentifier>
      <Extensions>cpp;moc</Extensions>
      <SourceControlFiles>False</SourceControlFiles>
    </Filter>
    <Filter Include="Generated Files\Release_Win32">
      <UniqueIdentifier>{55b0883c-ecd4-4e35-9f57-b78c14b2aa37}</UniqueIdentifier>
      <Extensions>cpp;moc</Extensions>
      <SourceControlFiles>False</SourceControlFiles>
    </Filter>
    <Filter Include="Generated Files\Release_x64">
      <UniqueIdentifier>{5faad93f-4e07-454b-934c-fec52d085dae}</UniqueIdentifier>
      <Extensions>cpp;moc</Extensions>
      <SourceControlFiles>False</SourceControlFiles>
    </Filter>
    <Filter Include="Form Files">
      <UniqueIdentifier>{99349809-55BA-4b9d-BF79-8FDBB0286EB3}</UniqueIdentifier>
      <Extensions>ui</Extensions>
      <ParseFiles>false</ParseFiles>
    </Filter>
    <Filter Include="Resource Files">
      <UniqueIdentifier>{D9D6E242-F8AF-46E4-B9FD-80ECBC20BA3E}</UniqueIdentifier>
      <Extensions>qrc;*</Extensions>
      <ParseFiles>false</ParseFiles>
    </Filter>
    <Filter Include="Generated Files\Template_Win32">
      <UniqueIdentifier>{45d4ae37-53ad-4b73-bdc2-dc97fc501818}</UniqueIdentifier>
      <Extensions>cpp;moc</Extensions>
      <SourceControlFiles>False</SourceControlFiles>
    </Filter>
    <Filter Include="Generated Files\Template_x64">
      <UniqueIdentifier>{be772018-0903-41c6-8f88-b619d0533e6d}</UniqueIdentifier>
      <Extensions>cpp;moc</Extensions>
      <SourceControlFiles>False</SourceControlFiles>
    </Filter>
  </ItemGroup>
  <ItemGroup>
    <ClCompile Include="_extensionname_.cpp">
      <Filter>Source Files</Filter>
    </ClCompile>
    <ClCompile Include="_extensionname__dialog.cpp">
      <Filter>Source Files</Filter>
    </ClCompile>
    <ClCompile Include="_extensionname_plugin.cpp">
      <Filter>Source Files</Filter>
    </ClCompile>
    <ClCompile Include="StdAfx.cpp">
      <Filter>Source Files</Filter>
    </ClCompile>
    <ClCompile Include="..\..\..\Build_MSVC\Qt\Win32\Debug\Moc\moc__extensionname_plugin.cpp">
      <Filter>Generated Files\Debug_Win32</Filter>
    </ClCompile>
    <ClCompile Include="..\..\..\Build_MSVC\Qt\x64\Debug\Moc\moc__extensionname_plugin.cpp">
      <Filter>Generated Files\Debug_x64</Filter>
    </ClCompile>
    <ClCompile Include="..\..\..\Build_MSVC\Qt\Win32\Release\Moc\moc__extensionname_plugin.cpp">
      <Filter>Generated Files\Release_Win32</Filter>
    </ClCompile>
    <ClCompile Include="..\..\..\Build_MSVC\Qt\x64\Release\Moc\moc__extensionname_plugin.cpp">
      <Filter>Generated Files\Release_x64</Filter>
    </ClCompile>
    <ClCompile Include="..\..\..\Build_MSVC\Qt\Win32\Template\Moc\moc__extensionname_plugin.cpp">
      <Filter>Generated Files\Template_Win32</Filter>
    </ClCompile>
    <ClCompile Include="..\..\..\Build_MSVC\Qt\x64\Template\Moc\moc__extensionname_plugin.cpp">
      <Filter>Generated Files\Template_x64</Filter>
    </ClCompile>
    <ClCompile Include="..\..\..\Build_MSVC\Qt\Win32\Debug\Moc\moc__extensionname__dialog.cpp">
      <Filter>Generated Files\Debug_Win32</Filter>
    </ClCompile>
    <ClCompile Include="..\..\..\Build_MSVC\Qt\x64\Debug\Moc\moc__extensionname__dialog.cpp">
      <Filter>Generated Files\Debug_x64</Filter>
    </ClCompile>
    <ClCompile Include="..\..\..\Build_MSVC\Qt\Win32\Release\Moc\moc__extensionname__dialog.cpp">
      <Filter>Generated Files\Release_Win32</Filter>
    </ClCompile>
    <ClCompile Include="..\..\..\Build_MSVC\Qt\x64\Release\Moc\moc__extensionname__dialog.cpp">
      <Filter>Generated Files\Release_x64</Filter>
    </ClCompile>
    <ClCompile Include="..\..\..\Build_MSVC\Qt\Win32\Template\Moc\moc__extensionname__dialog.cpp">
      <Filter>Generated Files\Template_Win32</Filter>
    </ClCompile>
    <ClCompile Include="..\..\..\Build_MSVC\Qt\x64\Template\Moc\moc__extensionname__dialog.cpp">
      <Filter>Generated Files\Template_x64</Filter>
    </ClCompile>
    <ClCompile Include="..\..\..\Build_MSVC\Qt\Win32\Debug\Moc\moc__extensionname_.cpp">
      <Filter>Generated Files\Debug_Win32</Filter>
    </ClCompile>
    <ClCompile Include="..\..\..\Build_MSVC\Qt\x64\Debug\Moc\moc__extensionname_.cpp">
      <Filter>Generated Files\Debug_x64</Filter>
    </ClCompile>
    <ClCompile Include="..\..\..\Build_MSVC\Qt\Win32\Release\Moc\moc__extensionname_.cpp">
      <Filter>Generated Files\Release_Win32</Filter>
    </ClCompile>
    <ClCompile Include="..\..\..\Build_MSVC\Qt\x64\Release\Moc\moc__extensionname_.cpp">
      <Filter>Generated Files\Release_x64</Filter>
    </ClCompile>
    <ClCompile Include="..\..\..\Build_MSVC\Qt\Win32\Template\Moc\moc__extensionname_.cpp">
      <Filter>Generated Files\Template_Win32</Filter>
    </ClCompile>
    <ClCompile Include="..\..\..\Build_MSVC\Qt\x64\Template\Moc\moc__extensionname_.cpp">
      <Filter>Generated Files\Template_x64</Filter>
    </ClCompile>
  </ItemGroup>
  <ItemGroup>
    <ClInclude Include="plugininterface.h">
      <Filter>Header Files</Filter>
    </ClInclude>
    <ClInclude Include="StdAfx.h">
      <Filter>Header Files</Filter>
    </ClInclude>
    <ClInclude Include="..\..\..\Build_MSVC\Qt\$(PlatformName)\$(ConfigurationName)\GeneratedFiles\ui__extensionname__dialog.h">
      <Filter>Generated Files</Filter>
    </ClInclude>
    <ClInclude Include="resource.h">
      <Filter>Header Files</Filter>
    </ClInclude>
    <ClInclude Include="defines.h">
      <Filter>Header Files</Filter>
    </ClInclude>
  </ItemGroup>
  <ItemGroup>
    <CustomBuild Include="_extensionname_.h">
      <Filter>Header Files</Filter>
    </CustomBuild>
    <CustomBuild Include="_extensionname__dialog.h">
      <Filter>Header Files</Filter>
    </CustomBuild>
    <CustomBuild Include="_extensionname_plugin.h">
      <Filter>Header Files</Filter>
    </CustomBuild>
    <CustomBuild Include="_extensionname__dialog.ui">
      <Filter>Form Files</Filter>
    </CustomBuild>
  </ItemGroup>
  <ItemGroup>
    <ResourceCompile Include="_extensionname_plugin.rc" />
  </ItemGroup>
  <ItemGroup>
    <None Include="licenseHeader.licenseheader" />
  </ItemGroup>
</Project>