
Microsoft Visual Studio Solution File, Format Version 10.00
# Visual Studio 2008
Project("{8BC9CEB8-8B4A-11D0-8D11-00A0C91BC942}") = "StimulGL", "StimulGL\StimulGL.vcproj", "{44216F98-423E-3FF8-BFF4-8B464627E2EC}"
	ProjectSection(ProjectDependencies) = postProject
		{DF78AA1A-8166-47A0-AE13-51D55E460FDC} = {DF78AA1A-8166-47A0-AE13-51D55E460FDC}
		{4B2670C4-91ED-3CF9-8A23-EA8396B214F2} = {4B2670C4-91ED-3CF9-8A23-EA8396B214F2}
	EndProjectSection
EndProject
Project("{8BC9CEB8-8B4A-11D0-8D11-00A0C91BC942}") = "parallelportplugin", "Plugins\ParallelPortDevice\parallelportplugin.vcproj", "{4B2670C4-91ED-3CF9-8A23-EA8396B214F2}"
EndProject
Project("{8BC9CEB8-8B4A-11D0-8D11-00A0C91BC942}") = "USBHIDDeviceplugin", "Plugins\USBHIDDevice\USBHIDDeviceplugin.vcproj", "{13EA300A-1CA2-417E-8DC0-C5217D9F9A52}"
	ProjectSection(ProjectDependencies) = postProject
		{44216F98-423E-3FF8-BFF4-8B464627E2EC} = {44216F98-423E-3FF8-BFF4-8B464627E2EC}
	EndProjectSection
EndProject
Project("{8BC9CEB8-8B4A-11D0-8D11-00A0C91BC942}") = "_extensionname_plugin", "Plugins\ExtensionPluginTemplate\_extensionname_plugin.vcproj", "{404F3214-07EA-4DFA-BCB9-9EBC65171B08}"
	ProjectSection(ProjectDependencies) = postProject
		{44216F98-423E-3FF8-BFF4-8B464627E2EC} = {44216F98-423E-3FF8-BFF4-8B464627E2EC}
	EndProjectSection
EndProject
Project("{8BC9CEB8-8B4A-11D0-8D11-00A0C91BC942}") = "ExperimentManagerplugin", "Plugins\ExperimentManager\ExperimentManager.vcproj", "{DF78AA1A-8166-47A0-AE13-51D55E460FDC}"
EndProject
Global
	GlobalSection(SolutionConfigurationPlatforms) = preSolution
		Debug|Win32 = Debug|Win32
		Debug|x64 = Debug|x64
		Release|Win32 = Release|Win32
		Release|x64 = Release|x64
	EndGlobalSection
	GlobalSection(ProjectConfigurationPlatforms) = postSolution
		{44216F98-423E-3FF8-BFF4-8B464627E2EC}.Debug|Win32.ActiveCfg = Debug|Win32
		{44216F98-423E-3FF8-BFF4-8B464627E2EC}.Debug|Win32.Build.0 = Debug|Win32
		{44216F98-423E-3FF8-BFF4-8B464627E2EC}.Debug|x64.ActiveCfg = Debug|x64
		{44216F98-423E-3FF8-BFF4-8B464627E2EC}.Release|Win32.ActiveCfg = Release|Win32
		{44216F98-423E-3FF8-BFF4-8B464627E2EC}.Release|Win32.Build.0 = Release|Win32
		{44216F98-423E-3FF8-BFF4-8B464627E2EC}.Release|x64.ActiveCfg = Release|x64
		{4B2670C4-91ED-3CF9-8A23-EA8396B214F2}.Debug|Win32.ActiveCfg = Debug|Win32
		{4B2670C4-91ED-3CF9-8A23-EA8396B214F2}.Debug|Win32.Build.0 = Debug|Win32
		{4B2670C4-91ED-3CF9-8A23-EA8396B214F2}.Debug|x64.ActiveCfg = Debug|x64
		{4B2670C4-91ED-3CF9-8A23-EA8396B214F2}.Debug|x64.Build.0 = Debug|x64
		{4B2670C4-91ED-3CF9-8A23-EA8396B214F2}.Release|Win32.ActiveCfg = Release|Win32
		{4B2670C4-91ED-3CF9-8A23-EA8396B214F2}.Release|Win32.Build.0 = Release|Win32
		{4B2670C4-91ED-3CF9-8A23-EA8396B214F2}.Release|x64.ActiveCfg = Release|x64
		{4B2670C4-91ED-3CF9-8A23-EA8396B214F2}.Release|x64.Build.0 = Release|x64
		{13EA300A-1CA2-417E-8DC0-C5217D9F9A52}.Debug|Win32.ActiveCfg = Debug|Win32
		{13EA300A-1CA2-417E-8DC0-C5217D9F9A52}.Debug|Win32.Build.0 = Debug|Win32
		{13EA300A-1CA2-417E-8DC0-C5217D9F9A52}.Debug|x64.ActiveCfg = Debug|x64
		{13EA300A-1CA2-417E-8DC0-C5217D9F9A52}.Debug|x64.Build.0 = Debug|x64
		{13EA300A-1CA2-417E-8DC0-C5217D9F9A52}.Release|Win32.ActiveCfg = Release|Win32
		{13EA300A-1CA2-417E-8DC0-C5217D9F9A52}.Release|Win32.Build.0 = Release|Win32
		{13EA300A-1CA2-417E-8DC0-C5217D9F9A52}.Release|x64.ActiveCfg = Release|x64
		{13EA300A-1CA2-417E-8DC0-C5217D9F9A52}.Release|x64.Build.0 = Release|x64
		{404F3214-07EA-4DFA-BCB9-9EBC65171B08}.Debug|Win32.ActiveCfg = Debug|Win32
		{404F3214-07EA-4DFA-BCB9-9EBC65171B08}.Debug|Win32.Build.0 = Debug|Win32
		{404F3214-07EA-4DFA-BCB9-9EBC65171B08}.Debug|x64.ActiveCfg = Debug|x64
		{404F3214-07EA-4DFA-BCB9-9EBC65171B08}.Debug|x64.Build.0 = Debug|x64
		{404F3214-07EA-4DFA-BCB9-9EBC65171B08}.Release|Win32.ActiveCfg = Release|Win32
		{404F3214-07EA-4DFA-BCB9-9EBC65171B08}.Release|Win32.Build.0 = Release|Win32
		{404F3214-07EA-4DFA-BCB9-9EBC65171B08}.Release|x64.ActiveCfg = Release|x64
		{404F3214-07EA-4DFA-BCB9-9EBC65171B08}.Release|x64.Build.0 = Release|x64
		{DF78AA1A-8166-47A0-AE13-51D55E460FDC}.Debug|Win32.ActiveCfg = Debug|Win32
		{DF78AA1A-8166-47A0-AE13-51D55E460FDC}.Debug|Win32.Build.0 = Debug|Win32
		{DF78AA1A-8166-47A0-AE13-51D55E460FDC}.Debug|x64.ActiveCfg = Debug|x64
		{DF78AA1A-8166-47A0-AE13-51D55E460FDC}.Debug|x64.Build.0 = Debug|x64
		{DF78AA1A-8166-47A0-AE13-51D55E460FDC}.Release|Win32.ActiveCfg = Release|Win32
		{DF78AA1A-8166-47A0-AE13-51D55E460FDC}.Release|Win32.Build.0 = Release|Win32
		{DF78AA1A-8166-47A0-AE13-51D55E460FDC}.Release|x64.ActiveCfg = Release|x64
		{DF78AA1A-8166-47A0-AE13-51D55E460FDC}.Release|x64.Build.0 = Release|x64
	EndGlobalSection
	GlobalSection(SolutionProperties) = preSolution
		HideSolutionNode = FALSE
	EndGlobalSection
	GlobalSection(ExtensibilityGlobals) = postSolution
		QtVersion = $(DefaultQtVersion)
	EndGlobalSection
	GlobalSection(Qt) = preSolution
		Integration = True
	EndGlobalSection
	GlobalSection(Qt) = preSolution
		Integration = True
	EndGlobalSection
	GlobalSection(Qt) = preSolution
		Integration = True
	EndGlobalSection
EndGlobal
